
Microsoft Visual Studio Solution File, Format Version 12.00
# Visual Studio Version 16
VisualStudioVersion = 16.0.31424.327
MinimumVisualStudioVersion = 10.0.40219.1
Project("{8BC9CEB8-8B4A-11D0-8D11-00A0C91BC942}") = "Strongly Connected Component_2150", "Strongly Connected Component_2150\Strongly Connected Component_2150.vcxproj", "{7EBC9CCC-F7FD-4F9E-B5DF-1ABA9DD38F39}"
EndProject
Global
	GlobalSection(SolutionConfigurationPlatforms) = preSolution
		Debug|x64 = Debug|x64
		Debug|x86 = Debug|x86
		Release|x64 = Release|x64
		Release|x86 = Release|x86
	EndGlobalSection
	GlobalSection(ProjectConfigurationPlatforms) = postSolution
		{7EBC9CCC-F7FD-4F9E-B5DF-1ABA9DD38F39}.Debug|x64.ActiveCfg = Debug|x64
		{7EBC9CCC-F7FD-4F9E-B5DF-1ABA9DD38F39}.Debug|x64.Build.0 = Debug|x64
		{7EBC9CCC-F7FD-4F9E-B5DF-1ABA9DD38F39}.Debug|x86.ActiveCfg = Debug|Win32
		{7EBC9CCC-F7FD-4F9E-B5DF-1ABA9DD38F39}.Debug|x86.Build.0 = Debug|Win32
		{7EBC9CCC-F7FD-4F9E-B5DF-1ABA9DD38F39}.Release|x64.ActiveCfg = Release|x64
		{7EBC9CCC-F7FD-4F9E-B5DF-1ABA9DD38F39}.Release|x64.Build.0 = Release|x64
		{7EBC9CCC-F7FD-4F9E-B5DF-1ABA9DD38F39}.Release|x86.ActiveCfg = Release|Win32
		{7EBC9CCC-F7FD-4F9E-B5DF-1ABA9DD38F39}.Release|x86.Build.0 = Release|Win32
	EndGlobalSection
	GlobalSection(SolutionProperties) = preSolution
		HideSolutionNode = FALSE
	EndGlobalSection
	GlobalSection(ExtensibilityGlobals) = postSolution
		SolutionGuid = {DF1ADB31-BAED-4EFB-878C-AA8C86D43F1C}
	EndGlobalSection
EndGlobal
