
Microsoft Visual Studio Solution File, Format Version 12.00
# Visual Studio Version 16
VisualStudioVersion = 16.0.31424.327
MinimumVisualStudioVersion = 10.0.40219.1
Project("{8BC9CEB8-8B4A-11D0-8D11-00A0C91BC942}") = "줄 세우기_2252", "줄 세우기_2252\줄 세우기_2252.vcxproj", "{C93028E4-AB80-4FCD-9CC9-5AD89E94CC2E}"
EndProject
Global
	GlobalSection(SolutionConfigurationPlatforms) = preSolution
		Debug|x64 = Debug|x64
		Debug|x86 = Debug|x86
		Release|x64 = Release|x64
		Release|x86 = Release|x86
	EndGlobalSection
	GlobalSection(ProjectConfigurationPlatforms) = postSolution
		{C93028E4-AB80-4FCD-9CC9-5AD89E94CC2E}.Debug|x64.ActiveCfg = Debug|x64
		{C93028E4-AB80-4FCD-9CC9-5AD89E94CC2E}.Debug|x64.Build.0 = Debug|x64
		{C93028E4-AB80-4FCD-9CC9-5AD89E94CC2E}.Debug|x86.ActiveCfg = Debug|Win32
		{C93028E4-AB80-4FCD-9CC9-5AD89E94CC2E}.Debug|x86.Build.0 = Debug|Win32
		{C93028E4-AB80-4FCD-9CC9-5AD89E94CC2E}.Release|x64.ActiveCfg = Release|x64
		{C93028E4-AB80-4FCD-9CC9-5AD89E94CC2E}.Release|x64.Build.0 = Release|x64
		{C93028E4-AB80-4FCD-9CC9-5AD89E94CC2E}.Release|x86.ActiveCfg = Release|Win32
		{C93028E4-AB80-4FCD-9CC9-5AD89E94CC2E}.Release|x86.Build.0 = Release|Win32
	EndGlobalSection
	GlobalSection(SolutionProperties) = preSolution
		HideSolutionNode = FALSE
	EndGlobalSection
	GlobalSection(ExtensibilityGlobals) = postSolution
		SolutionGuid = {23ED39FA-E274-4BCF-A5E7-952B6FA5B7E7}
	EndGlobalSection
EndGlobal
